
Microsoft Visual Studio Solution File, Format Version 12.00
# Visual Studio 14
VisualStudioVersion = 14.0.24720.0
MinimumVisualStudioVersion = 10.0.40219.1
Project("{FAE04EC0-301F-11D3-BF4B-00C04F79EFBC}") = "MyTestWebApp", "MyTestWebApp\MyTestWebApp.csproj", "{751151CC-F320-4861-88FE-363A1EE341F6}"
EndProject
Project("{FAE04EC0-301F-11D3-BF4B-00C04F79EFBC}") = "MyTestWebApp.Tests", "MyTestWebApp.Tests\MyTestWebApp.Tests.csproj", "{0001F918-D7F0-4027-9505-3F78ACA5FC67}"
EndProject
Project("{FAE04EC0-301F-11D3-BF4B-00C04F79EFBC}") = "MyFixitTaskEntities", "MyFixitTaskEntities\MyFixitTaskEntities.csproj", "{89BCC756-1C8D-46FC-B6D4-1B5B37439F6C}"
EndProject
Project("{00D1A9C2-B5F0-4AF3-8072-F6C62B433612}") = "MyFixitTasks", "MyFixitTasks\MyFixitTasks.sqlproj", "{AB428871-9B1D-4179-A08A-8CACF6E79A71}"
EndProject
Global
	GlobalSection(SolutionConfigurationPlatforms) = preSolution
		Debug|Any CPU = Debug|Any CPU
		Release|Any CPU = Release|Any CPU
	EndGlobalSection
	GlobalSection(ProjectConfigurationPlatforms) = postSolution
		{751151CC-F320-4861-88FE-363A1EE341F6}.Debug|Any CPU.ActiveCfg = Debug|Any CPU
		{751151CC-F320-4861-88FE-363A1EE341F6}.Debug|Any CPU.Build.0 = Debug|Any CPU
		{751151CC-F320-4861-88FE-363A1EE341F6}.Release|Any CPU.ActiveCfg = Release|Any CPU
		{751151CC-F320-4861-88FE-363A1EE341F6}.Release|Any CPU.Build.0 = Release|Any CPU
		{0001F918-D7F0-4027-9505-3F78ACA5FC67}.Debug|Any CPU.ActiveCfg = Debug|Any CPU
		{0001F918-D7F0-4027-9505-3F78ACA5FC67}.Debug|Any CPU.Build.0 = Debug|Any CPU
		{0001F918-D7F0-4027-9505-3F78ACA5FC67}.Release|Any CPU.ActiveCfg = Release|Any CPU
		{0001F918-D7F0-4027-9505-3F78ACA5FC67}.Release|Any CPU.Build.0 = Release|Any CPU
		{89BCC756-1C8D-46FC-B6D4-1B5B37439F6C}.Debug|Any CPU.ActiveCfg = Debug|Any CPU
		{89BCC756-1C8D-46FC-B6D4-1B5B37439F6C}.Debug|Any CPU.Build.0 = Debug|Any CPU
		{89BCC756-1C8D-46FC-B6D4-1B5B37439F6C}.Release|Any CPU.ActiveCfg = Release|Any CPU
		{89BCC756-1C8D-46FC-B6D4-1B5B37439F6C}.Release|Any CPU.Build.0 = Release|Any CPU
		{AB428871-9B1D-4179-A08A-8CACF6E79A71}.Debug|Any CPU.ActiveCfg = Debug|Any CPU
		{AB428871-9B1D-4179-A08A-8CACF6E79A71}.Debug|Any CPU.Build.0 = Debug|Any CPU
		{AB428871-9B1D-4179-A08A-8CACF6E79A71}.Debug|Any CPU.Deploy.0 = Debug|Any CPU
		{AB428871-9B1D-4179-A08A-8CACF6E79A71}.Release|Any CPU.ActiveCfg = Release|Any CPU
		{AB428871-9B1D-4179-A08A-8CACF6E79A71}.Release|Any CPU.Build.0 = Release|Any CPU
		{AB428871-9B1D-4179-A08A-8CACF6E79A71}.Release|Any CPU.Deploy.0 = Release|Any CPU
	EndGlobalSection
	GlobalSection(SolutionProperties) = preSolution
		HideSolutionNode = FALSE
	EndGlobalSection
EndGlobal
